// !$*UTF8*$!
{
	archiveVersion = 1;
	classes = {
	};
	objectVersion = 46;
	objects = {

/* Begin PBXFileReference section */
		582A86F11E344BEB007CF5C4 /* List.c */ = {isa = PBXFileReference; lastKnownFileType = sourcecode.c.c; path = List.c; sourceTree = "<group>"; };
		582A86F21E344BEB007CF5C4 /* List.h */ = {isa = PBXFileReference; lastKnownFileType = sourcecode.c.h; path = List.h; sourceTree = "<group>"; };
		582A86F31E345D6A007CF5C4 /* ListClient.c */ = {isa = PBXFileReference; lastKnownFileType = sourcecode.c.c; path = ListClient.c; sourceTree = "<group>"; };
/* End PBXFileReference section */

/* Begin PBXGroup section */
		582A86EA1E344BC5007CF5C4 = {
			isa = PBXGroup;
			children = (
				582A86F11E344BEB007CF5C4 /* List.c */,
				582A86F21E344BEB007CF5C4 /* List.h */,
				582A86F31E345D6A007CF5C4 /* ListClient.c */,
			);
			sourceTree = "<group>";
		};
/* End PBXGroup section */

/* Begin PBXProject section */
		582A86EB1E344BC5007CF5C4 /* Project object */ = {
			isa = PBXProject;
			attributes = {
				LastUpgradeCheck = 0610;
			};
			buildConfigurationList = 582A86EE1E344BC5007CF5C4 /* Build configuration list for PBXProject "pa2" */;
			compatibilityVersion = "Xcode 3.2";
			developmentRegion = English;
			hasScannedForEncodings = 0;
			knownRegions = (
				en,
			);
			mainGroup = 582A86EA1E344BC5007CF5C4;
			projectDirPath = "";
			projectRoot = "";
			targets = (
			);
		};
/* End PBXProject section */

/* Begin XCBuildConfiguration section */
		582A86EF1E344BC5007CF5C4 /* Debug */ = {
			isa = XCBuildConfiguration;
			buildSettings = {
			};
			name = Debug;
		};
		582A86F01E344BC5007CF5C4 /* Release */ = {
			isa = XCBuildConfiguration;
			buildSettings = {
			};
			name = Release;
		};
/* End XCBuildConfiguration section */

/* Begin XCConfigurationList section */
		582A86EE1E344BC5007CF5C4 /* Build configuration list for PBXProject "pa2" */ = {
			isa = XCConfigurationList;
			buildConfigurations = (
				582A86EF1E344BC5007CF5C4 /* Debug */,
				582A86F01E344BC5007CF5C4 /* Release */,
			);
			defaultConfigurationIsVisible = 0;
			defaultConfigurationName = Release;
		};
/* End XCConfigurationList section */
	};
	rootObject = 582A86EB1E344BC5007CF5C4 /* Project object */;
}
