// !$*UTF8*$!
{
	archiveVersion = 1;
	classes = {
	};
	objectVersion = 46;
	objects = {

/* Begin PBXBuildFile section */
		5836C8961E664EC8008C2550 /* FindPath.c in Sources */ = {isa = PBXBuildFile; fileRef = 5836C8951E664EC8008C2550 /* FindPath.c */; };
		58DA00ED1E5CBFD2001474A7 /* List.c in Sources */ = {isa = PBXBuildFile; fileRef = 58DA00EB1E5CBFD2001474A7 /* List.c */; };
		58DA00F01E5CC093001474A7 /* Graph.c in Sources */ = {isa = PBXBuildFile; fileRef = 58DA00EE1E5CC093001474A7 /* Graph.c */; };
/* End PBXBuildFile section */

/* Begin PBXCopyFilesBuildPhase section */
		58DA00DC1E5CBEE0001474A7 /* CopyFiles */ = {
			isa = PBXCopyFilesBuildPhase;
			buildActionMask = 2147483647;
			dstPath = /usr/share/man/man1/;
			dstSubfolderSpec = 0;
			files = (
			);
			runOnlyForDeploymentPostprocessing = 1;
		};
/* End PBXCopyFilesBuildPhase section */

/* Begin PBXFileReference section */
		5836C8931E6647F1008C2550 /* GraphTest.c */ = {isa = PBXFileReference; fileEncoding = 4; lastKnownFileType = sourcecode.c.c; path = GraphTest.c; sourceTree = "<group>"; };
		5836C8951E664EC8008C2550 /* FindPath.c */ = {isa = PBXFileReference; fileEncoding = 4; lastKnownFileType = sourcecode.c.c; path = FindPath.c; sourceTree = "<group>"; };
		5836C8981E6696C2008C2550 /* input */ = {isa = PBXFileReference; fileEncoding = 4; lastKnownFileType = text; path = input; sourceTree = "<group>"; };
		58BAF64E1E67BAA9000EF045 /* output */ = {isa = PBXFileReference; lastKnownFileType = text; path = output; sourceTree = "<group>"; };
		58DA00DE1E5CBEE0001474A7 /* pa4 */ = {isa = PBXFileReference; explicitFileType = "compiled.mach-o.executable"; includeInIndex = 0; path = pa4; sourceTree = BUILT_PRODUCTS_DIR; };
		58DA00EB1E5CBFD2001474A7 /* List.c */ = {isa = PBXFileReference; fileEncoding = 4; lastKnownFileType = sourcecode.c.c; path = List.c; sourceTree = "<group>"; };
		58DA00EC1E5CBFD2001474A7 /* List.h */ = {isa = PBXFileReference; fileEncoding = 4; lastKnownFileType = sourcecode.c.h; path = List.h; sourceTree = "<group>"; };
		58DA00EE1E5CC093001474A7 /* Graph.c */ = {isa = PBXFileReference; fileEncoding = 4; lastKnownFileType = sourcecode.c.c; path = Graph.c; sourceTree = "<group>"; };
		58DA00EF1E5CC093001474A7 /* Graph.h */ = {isa = PBXFileReference; fileEncoding = 4; lastKnownFileType = sourcecode.c.h; path = Graph.h; sourceTree = "<group>"; };
/* End PBXFileReference section */

/* Begin PBXFrameworksBuildPhase section */
		58DA00DB1E5CBEE0001474A7 /* Frameworks */ = {
			isa = PBXFrameworksBuildPhase;
			buildActionMask = 2147483647;
			files = (
			);
			runOnlyForDeploymentPostprocessing = 0;
		};
/* End PBXFrameworksBuildPhase section */

/* Begin PBXGroup section */
		58DA00D51E5CBEE0001474A7 = {
			isa = PBXGroup;
			children = (
				5836C8981E6696C2008C2550 /* input */,
				58BAF64E1E67BAA9000EF045 /* output */,
				58DA00E01E5CBEE0001474A7 /* pa4 */,
				58DA00DF1E5CBEE0001474A7 /* Products */,
			);
			sourceTree = "<group>";
		};
		58DA00DF1E5CBEE0001474A7 /* Products */ = {
			isa = PBXGroup;
			children = (
				58DA00DE1E5CBEE0001474A7 /* pa4 */,
			);
			name = Products;
			sourceTree = "<group>";
		};
		58DA00E01E5CBEE0001474A7 /* pa4 */ = {
			isa = PBXGroup;
			children = (
				58DA00EB1E5CBFD2001474A7 /* List.c */,
				5836C8931E6647F1008C2550 /* GraphTest.c */,
				58DA00EC1E5CBFD2001474A7 /* List.h */,
				58DA00EE1E5CC093001474A7 /* Graph.c */,
				58DA00EF1E5CC093001474A7 /* Graph.h */,
				5836C8951E664EC8008C2550 /* FindPath.c */,
			);
			path = pa4;
			sourceTree = "<group>";
		};
/* End PBXGroup section */

/* Begin PBXNativeTarget section */
		58DA00DD1E5CBEE0001474A7 /* pa4 */ = {
			isa = PBXNativeTarget;
			buildConfigurationList = 58DA00E51E5CBEE0001474A7 /* Build configuration list for PBXNativeTarget "pa4" */;
			buildPhases = (
				58DA00DA1E5CBEE0001474A7 /* Sources */,
				58DA00DB1E5CBEE0001474A7 /* Frameworks */,
				58DA00DC1E5CBEE0001474A7 /* CopyFiles */,
			);
			buildRules = (
			);
			dependencies = (
			);
			name = pa4;
			productName = pa4;
			productReference = 58DA00DE1E5CBEE0001474A7 /* pa4 */;
			productType = "com.apple.product-type.tool";
		};
/* End PBXNativeTarget section */

/* Begin PBXProject section */
		58DA00D61E5CBEE0001474A7 /* Project object */ = {
			isa = PBXProject;
			attributes = {
				LastUpgradeCheck = 0610;
				ORGANIZATIONNAME = Braulio;
				TargetAttributes = {
					58DA00DD1E5CBEE0001474A7 = {
						CreatedOnToolsVersion = 6.1.1;
					};
				};
			};
			buildConfigurationList = 58DA00D91E5CBEE0001474A7 /* Build configuration list for PBXProject "pa4" */;
			compatibilityVersion = "Xcode 3.2";
			developmentRegion = English;
			hasScannedForEncodings = 0;
			knownRegions = (
				en,
			);
			mainGroup = 58DA00D51E5CBEE0001474A7;
			productRefGroup = 58DA00DF1E5CBEE0001474A7 /* Products */;
			projectDirPath = "";
			projectRoot = "";
			targets = (
				58DA00DD1E5CBEE0001474A7 /* pa4 */,
			);
		};
/* End PBXProject section */

/* Begin PBXSourcesBuildPhase section */
		58DA00DA1E5CBEE0001474A7 /* Sources */ = {
			isa = PBXSourcesBuildPhase;
			buildActionMask = 2147483647;
			files = (
				5836C8961E664EC8008C2550 /* FindPath.c in Sources */,
				58DA00ED1E5CBFD2001474A7 /* List.c in Sources */,
				58DA00F01E5CC093001474A7 /* Graph.c in Sources */,
			);
			runOnlyForDeploymentPostprocessing = 0;
		};
/* End PBXSourcesBuildPhase section */

/* Begin XCBuildConfiguration section */
		58DA00E31E5CBEE0001474A7 /* Debug */ = {
			isa = XCBuildConfiguration;
			buildSettings = {
				ALWAYS_SEARCH_USER_PATHS = NO;
				CLANG_CXX_LANGUAGE_STANDARD = "gnu++0x";
				CLANG_CXX_LIBRARY = "libc++";
				CLANG_ENABLE_MODULES = YES;
				CLANG_ENABLE_OBJC_ARC = YES;
				CLANG_WARN_BOOL_CONVERSION = YES;
				CLANG_WARN_CONSTANT_CONVERSION = YES;
				CLANG_WARN_DIRECT_OBJC_ISA_USAGE = YES_ERROR;
				CLANG_WARN_EMPTY_BODY = YES;
				CLANG_WARN_ENUM_CONVERSION = YES;
				CLANG_WARN_INT_CONVERSION = YES;
				CLANG_WARN_OBJC_ROOT_CLASS = YES_ERROR;
				CLANG_WARN_UNREACHABLE_CODE = YES;
				CLANG_WARN__DUPLICATE_METHOD_MATCH = YES;
				COPY_PHASE_STRIP = NO;
				ENABLE_STRICT_OBJC_MSGSEND = YES;
				GCC_C_LANGUAGE_STANDARD = gnu99;
				GCC_DYNAMIC_NO_PIC = NO;
				GCC_OPTIMIZATION_LEVEL = 0;
				GCC_PREPROCESSOR_DEFINITIONS = (
					"DEBUG=1",
					"$(inherited)",
				);
				GCC_SYMBOLS_PRIVATE_EXTERN = NO;
				GCC_WARN_64_TO_32_BIT_CONVERSION = YES;
				GCC_WARN_ABOUT_RETURN_TYPE = YES_ERROR;
				GCC_WARN_UNDECLARED_SELECTOR = YES;
				GCC_WARN_UNINITIALIZED_AUTOS = YES_AGGRESSIVE;
				GCC_WARN_UNUSED_FUNCTION = YES;
				GCC_WARN_UNUSED_VARIABLE = YES;
				MACOSX_DEPLOYMENT_TARGET = 10.10;
				MTL_ENABLE_DEBUG_INFO = YES;
				ONLY_ACTIVE_ARCH = YES;
				SDKROOT = macosx;
			};
			name = Debug;
		};
		58DA00E41E5CBEE0001474A7 /* Release */ = {
			isa = XCBuildConfiguration;
			buildSettings = {
				ALWAYS_SEARCH_USER_PATHS = NO;
				CLANG_CXX_LANGUAGE_STANDARD = "gnu++0x";
				CLANG_CXX_LIBRARY = "libc++";
				CLANG_ENABLE_MODULES = YES;
				CLANG_ENABLE_OBJC_ARC = YES;
				CLANG_WARN_BOOL_CONVERSION = YES;
				CLANG_WARN_CONSTANT_CONVERSION = YES;
				CLANG_WARN_DIRECT_OBJC_ISA_USAGE = YES_ERROR;
				CLANG_WARN_EMPTY_BODY = YES;
				CLANG_WARN_ENUM_CONVERSION = YES;
				CLANG_WARN_INT_CONVERSION = YES;
				CLANG_WARN_OBJC_ROOT_CLASS = YES_ERROR;
				CLANG_WARN_UNREACHABLE_CODE = YES;
				CLANG_WARN__DUPLICATE_METHOD_MATCH = YES;
				COPY_PHASE_STRIP = YES;
				DEBUG_INFORMATION_FORMAT = "dwarf-with-dsym";
				ENABLE_NS_ASSERTIONS = NO;
				ENABLE_STRICT_OBJC_MSGSEND = YES;
				GCC_C_LANGUAGE_STANDARD = gnu99;
				GCC_WARN_64_TO_32_BIT_CONVERSION = YES;
				GCC_WARN_ABOUT_RETURN_TYPE = YES_ERROR;
				GCC_WARN_UNDECLARED_SELECTOR = YES;
				GCC_WARN_UNINITIALIZED_AUTOS = YES_AGGRESSIVE;
				GCC_WARN_UNUSED_FUNCTION = YES;
				GCC_WARN_UNUSED_VARIABLE = YES;
				MACOSX_DEPLOYMENT_TARGET = 10.10;
				MTL_ENABLE_DEBUG_INFO = NO;
				SDKROOT = macosx;
			};
			name = Release;
		};
		58DA00E61E5CBEE0001474A7 /* Debug */ = {
			isa = XCBuildConfiguration;
			buildSettings = {
				PRODUCT_NAME = "$(TARGET_NAME)";
			};
			name = Debug;
		};
		58DA00E71E5CBEE0001474A7 /* Release */ = {
			isa = XCBuildConfiguration;
			buildSettings = {
				PRODUCT_NAME = "$(TARGET_NAME)";
			};
			name = Release;
		};
/* End XCBuildConfiguration section */

/* Begin XCConfigurationList section */
		58DA00D91E5CBEE0001474A7 /* Build configuration list for PBXProject "pa4" */ = {
			isa = XCConfigurationList;
			buildConfigurations = (
				58DA00E31E5CBEE0001474A7 /* Debug */,
				58DA00E41E5CBEE0001474A7 /* Release */,
			);
			defaultConfigurationIsVisible = 0;
			defaultConfigurationName = Release;
		};
		58DA00E51E5CBEE0001474A7 /* Build configuration list for PBXNativeTarget "pa4" */ = {
			isa = XCConfigurationList;
			buildConfigurations = (
				58DA00E61E5CBEE0001474A7 /* Debug */,
				58DA00E71E5CBEE0001474A7 /* Release */,
			);
			defaultConfigurationIsVisible = 0;
			defaultConfigurationName = Release;
		};
/* End XCConfigurationList section */
	};
	rootObject = 58DA00D61E5CBEE0001474A7 /* Project object */;
}
